{
  "meteor": {},
  "dependencies": {
    "basePackages": {
      "bootstrap3-less": {
        "version": "0.1.8"
      },
      "spin": {
        "version": "0.2.2"
      },
      "marked": {
        "git": "https://github.com/rantav/meteor-marked",
        "branch": "master"
      },
      "minimongoid": {
        "version": "0.8.3"
      },
      "vector": {
        "git": "https://github.com/rantav/vector",
        "branch": "master"
      },
      "migrations": {
        "version": "0.0.2"
      },
      "fast-render": {
        "version": "0.1.12"
      },
      "apm": {
        "version": "0.1.4"
      }
    },
    "packages": {
      "bootstrap3-less": {
        "git": "https://github.com/eprochasson/bootstrap3-less",
        "tag": "v0.1.8",
        "commit": "48b6db4435d9f01a1fcfe694a180b38e8e38835b"
      },
      "spin": {
        "git": "https://github.com/SachaG/meteor-spin.git",
        "tag": "v0.2.2",
        "commit": "3f655f0016228e4195acc784c45d3e3a247dc39f"
      },
      "marked": {
        "git": "https://github.com/rantav/meteor-marked",
        "branch": "master",
        "commit": "34f07881dd902ad8e24fcd5672da8245b8d0889e"
      },
      "minimongoid": {
        "git": "https://github.com/Exygy/minimongoid.git",
        "tag": "v0.8.3",
        "commit": "8a4849426f1775f9886f303067e50877696fae43"
      },
      "vector": {
        "git": "https://github.com/rantav/vector",
        "branch": "master",
        "commit": "270c1610f8b13deacbe6b0d2a42423a6f4d8fee9"
      },
      "migrations": {
        "git": "https://github.com/rantav/meteor-migrations.git",
        "tag": "v0.0.2",
        "commit": "4e75c06b8e94961567765c4dea20a007816ad274"
      },
      "fast-render": {
        "git": "https://github.com/arunoda/meteor-fast-render.git",
        "tag": "v0.1.12",
        "commit": "b190f1592401f4084ce54b8f713b134e35a4e0db"
      },
      "apm": {
        "git": "https://github.com/arunoda/meteor-apm-client.git",
        "tag": "v0.1.4",
        "commit": "ed2d7e2d9e1288c6664d286c8c13589c1d3731b5"
      },
      "underscore-string-latest": {
        "git": "https://github.com/TimHeckel/meteor-underscore-string.git",
        "tag": "v2.3.3",
        "commit": "4a5d70eee48fbd90a6e6fc78747250d704a0b3bb"
      },
      "iron-router": {
        "git": "https://github.com/EventedMind/iron-router.git",
        "tag": "v0.6.1",
        "commit": "4e1ee0581d68bff422a915dacb0bd30eae10fe08"
      }
    }
  }
}
