{
  "meteor": {},
  "dependencies": {
    "basePackages": {
      "observatory": {},
      "iron-router": {},
      "bootstrap3-less": {},
      "spin": {},
      "marked": {
        "git": "https://github.com/rantav/meteor-marked",
        "branch": "master"
      },
      "minimongoid": {},
      "vector": {
        "git": "https://github.com/rantav/vector",
        "branch": "master"
      },
      "migrations": {},
      "pince": {}
    },
    "packages": {
      "observatory": {
        "git": "https://github.com/jhoxray/observatory.git",
        "tag": "v0.3.21",
        "commit": "3d6b436af0a70b784d0f9ec4709907c77bd4fd63"
      },
      "iron-router": {
        "git": "https://github.com/EventedMind/iron-router.git",
        "tag": "v0.6.1",
        "commit": "4e1ee0581d68bff422a915dacb0bd30eae10fe08"
      },
      "bootstrap3-less": {
        "git": "https://github.com/eprochasson/bootstrap3-less",
        "tag": "v0.1.5",
        "commit": "5074432c020ffc7a676a812e92104ce0fa96080f"
      },
      "spin": {
        "git": "https://github.com/SachaG/meteor-spin.git",
        "tag": "v0.2.0",
        "commit": "fd3a2871a69442848b4b4e74f5e1ae28fa4a95a4"
      },
      "marked": {
        "git": "https://github.com/rantav/meteor-marked",
        "branch": "master",
        "commit": "34f07881dd902ad8e24fcd5672da8245b8d0889e"
      },
      "minimongoid": {
        "git": "https://github.com/Exygy/minimongoid.git",
        "tag": "v0.8.3",
        "commit": "8a4849426f1775f9886f303067e50877696fae43"
      },
      "vector": {
        "git": "https://github.com/rantav/vector",
        "branch": "master",
        "commit": "520d34681be8ab879ab1e9420f0b0fe68adf38d1"
      },
      "migrations": {
        "git": "https://github.com/rantav/meteor-migrations.git",
        "tag": "v0.0.2",
        "commit": "4e75c06b8e94961567765c4dea20a007816ad274"
      },
      "pince": {
        "git": "https://github.com/mad-eye/pince.git",
        "tag": "v0.0.2",
        "commit": "ac4c09d12b850ce09f2deefbcbfd13a6620ec7aa"
      },
      "observatory-apollo": {
        "git": "https://github.com/superstringsoftware/observatory-apollo.git",
        "tag": "v0.3.2",
        "commit": "f704848187a4da2bd179864ae80a1f73a3fd22a6"
      },
      "underscore-string-latest": {
        "git": "https://github.com/TimHeckel/meteor-underscore-string.git",
        "tag": "v2.3.3",
        "commit": "4a5d70eee48fbd90a6e6fc78747250d704a0b3bb"
      },
      "observatory-galileo": {
        "git": "https://github.com/superstringsoftware/observatory-galileo.git",
        "branch": "master",
        "commit": "f21b80e6502d38a7ce66206374b706f2cbd0228d"
      }
    }
  }
}
